// !$*UTF8*$!
{
	archiveVersion = 1;
	classes = {
	};
	objectVersion = 50;
	objects = {

/* Begin PBXBuildFile section */
		A631D566218708CC00D14EEE /* AreasDate.plist in Resources */ = {isa = PBXBuildFile; fileRef = A631D565218708CC00D14EEE /* AreasDate.plist */; };
		A631D568218718A200D14EEE /* PCAAreasDate.plist in Resources */ = {isa = PBXBuildFile; fileRef = A631D567218718A100D14EEE /* PCAAreasDate.plist */; };
		A676B43C2177149D00FFCF16 /* AppDelegate.m in Sources */ = {isa = PBXBuildFile; fileRef = A676B43B2177149D00FFCF16 /* AppDelegate.m */; };
		A676B43F2177149D00FFCF16 /* ViewController.m in Sources */ = {isa = PBXBuildFile; fileRef = A676B43E2177149D00FFCF16 /* ViewController.m */; };
		A676B4422177149D00FFCF16 /* Main.storyboard in Resources */ = {isa = PBXBuildFile; fileRef = A676B4402177149D00FFCF16 /* Main.storyboard */; };
		A676B4442177149F00FFCF16 /* Assets.xcassets in Resources */ = {isa = PBXBuildFile; fileRef = A676B4432177149F00FFCF16 /* Assets.xcassets */; };
		A676B4472177149F00FFCF16 /* LaunchScreen.storyboard in Resources */ = {isa = PBXBuildFile; fileRef = A676B4452177149F00FFCF16 /* LaunchScreen.storyboard */; };
		A676B44A2177149F00FFCF16 /* main.m in Sources */ = {isa = PBXBuildFile; fileRef = A676B4492177149F00FFCF16 /* main.m */; };
		A676B4742177220700FFCF16 /* DrawPopView.m in Sources */ = {isa = PBXBuildFile; fileRef = A676B4732177220700FFCF16 /* DrawPopView.m */; };
		A6926FF5217EB7E400D3F8A6 /* PopTableView.m in Sources */ = {isa = PBXBuildFile; fileRef = A6926FF4217EB7E400D3F8A6 /* PopTableView.m */; };
		A6926FFB217EBD6700D3F8A6 /* PopDataModel.m in Sources */ = {isa = PBXBuildFile; fileRef = A6926FFA217EBD6700D3F8A6 /* PopDataModel.m */; };
		A6B8E11121805CC500A83F67 /* libc++.tbd in Frameworks */ = {isa = PBXBuildFile; fileRef = A6B8E10F21805BF000A83F67 /* libc++.tbd */; };
/* End PBXBuildFile section */

/* Begin PBXFileReference section */
		A631D565218708CC00D14EEE /* AreasDate.plist */ = {isa = PBXFileReference; fileEncoding = 4; lastKnownFileType = text.plist.xml; path = AreasDate.plist; sourceTree = "<group>"; };
		A631D567218718A100D14EEE /* PCAAreasDate.plist */ = {isa = PBXFileReference; fileEncoding = 4; lastKnownFileType = text.plist.xml; path = PCAAreasDate.plist; sourceTree = "<group>"; };
		A676B4372177149D00FFCF16 /* ViewOnScreenRect.app */ = {isa = PBXFileReference; explicitFileType = wrapper.application; includeInIndex = 0; path = ViewOnScreenRect.app; sourceTree = BUILT_PRODUCTS_DIR; };
		A676B43A2177149D00FFCF16 /* AppDelegate.h */ = {isa = PBXFileReference; lastKnownFileType = sourcecode.c.h; path = AppDelegate.h; sourceTree = "<group>"; };
		A676B43B2177149D00FFCF16 /* AppDelegate.m */ = {isa = PBXFileReference; lastKnownFileType = sourcecode.c.objc; path = AppDelegate.m; sourceTree = "<group>"; };
		A676B43D2177149D00FFCF16 /* ViewController.h */ = {isa = PBXFileReference; lastKnownFileType = sourcecode.c.h; path = ViewController.h; sourceTree = "<group>"; };
		A676B43E2177149D00FFCF16 /* ViewController.m */ = {isa = PBXFileReference; lastKnownFileType = sourcecode.c.objc; path = ViewController.m; sourceTree = "<group>"; };
		A676B4412177149D00FFCF16 /* Base */ = {isa = PBXFileReference; lastKnownFileType = file.storyboard; name = Base; path = Base.lproj/Main.storyboard; sourceTree = "<group>"; };
		A676B4432177149F00FFCF16 /* Assets.xcassets */ = {isa = PBXFileReference; lastKnownFileType = folder.assetcatalog; path = Assets.xcassets; sourceTree = "<group>"; };
		A676B4462177149F00FFCF16 /* Base */ = {isa = PBXFileReference; lastKnownFileType = file.storyboard; name = Base; path = Base.lproj/LaunchScreen.storyboard; sourceTree = "<group>"; };
		A676B4482177149F00FFCF16 /* Info.plist */ = {isa = PBXFileReference; lastKnownFileType = text.plist.xml; path = Info.plist; sourceTree = "<group>"; };
		A676B4492177149F00FFCF16 /* main.m */ = {isa = PBXFileReference; lastKnownFileType = sourcecode.c.objc; path = main.m; sourceTree = "<group>"; };
		A676B4722177220700FFCF16 /* DrawPopView.h */ = {isa = PBXFileReference; lastKnownFileType = sourcecode.c.h; path = DrawPopView.h; sourceTree = "<group>"; };
		A676B4732177220700FFCF16 /* DrawPopView.m */ = {isa = PBXFileReference; lastKnownFileType = sourcecode.c.objc; path = DrawPopView.m; sourceTree = "<group>"; };
		A6926FF3217EB7E400D3F8A6 /* PopTableView.h */ = {isa = PBXFileReference; lastKnownFileType = sourcecode.c.h; path = PopTableView.h; sourceTree = "<group>"; };
		A6926FF4217EB7E400D3F8A6 /* PopTableView.m */ = {isa = PBXFileReference; lastKnownFileType = sourcecode.c.objc; path = PopTableView.m; sourceTree = "<group>"; };
		A6926FF9217EBD6700D3F8A6 /* PopDataModel.h */ = {isa = PBXFileReference; lastKnownFileType = sourcecode.c.h; path = PopDataModel.h; sourceTree = "<group>"; };
		A6926FFA217EBD6700D3F8A6 /* PopDataModel.m */ = {isa = PBXFileReference; lastKnownFileType = sourcecode.c.objc; path = PopDataModel.m; sourceTree = "<group>"; };
		A6B8E10F21805BF000A83F67 /* libc++.tbd */ = {isa = PBXFileReference; lastKnownFileType = "sourcecode.text-based-dylib-definition"; name = "libc++.tbd"; path = "usr/lib/libc++.tbd"; sourceTree = SDKROOT; };
/* End PBXFileReference section */

/* Begin PBXFrameworksBuildPhase section */
		A676B4342177149D00FFCF16 /* Frameworks */ = {
			isa = PBXFrameworksBuildPhase;
			buildActionMask = 2147483647;
			files = (
				A6B8E11121805CC500A83F67 /* libc++.tbd in Frameworks */,
			);
			runOnlyForDeploymentPostprocessing = 0;
		};
/* End PBXFrameworksBuildPhase section */

/* Begin PBXGroup section */
		A676B42E2177149D00FFCF16 = {
			isa = PBXGroup;
			children = (
				A676B4392177149D00FFCF16 /* ViewOnScreenRect */,
				A676B4382177149D00FFCF16 /* Products */,
				A6B8E10E21805BEF00A83F67 /* Frameworks */,
			);
			sourceTree = "<group>";
		};
		A676B4382177149D00FFCF16 /* Products */ = {
			isa = PBXGroup;
			children = (
				A676B4372177149D00FFCF16 /* ViewOnScreenRect.app */,
			);
			name = Products;
			sourceTree = "<group>";
		};
		A676B4392177149D00FFCF16 /* ViewOnScreenRect */ = {
			isa = PBXGroup;
			children = (
				A676B43A2177149D00FFCF16 /* AppDelegate.h */,
				A676B43B2177149D00FFCF16 /* AppDelegate.m */,
				A676B43D2177149D00FFCF16 /* ViewController.h */,
				A676B43E2177149D00FFCF16 /* ViewController.m */,
				A676B4722177220700FFCF16 /* DrawPopView.h */,
				A676B4732177220700FFCF16 /* DrawPopView.m */,
				A6926FF3217EB7E400D3F8A6 /* PopTableView.h */,
				A6926FF4217EB7E400D3F8A6 /* PopTableView.m */,
				A6926FF9217EBD6700D3F8A6 /* PopDataModel.h */,
				A6926FFA217EBD6700D3F8A6 /* PopDataModel.m */,
				A631D565218708CC00D14EEE /* AreasDate.plist */,
				A631D567218718A100D14EEE /* PCAAreasDate.plist */,
				A676B4402177149D00FFCF16 /* Main.storyboard */,
				A676B4432177149F00FFCF16 /* Assets.xcassets */,
				A676B4452177149F00FFCF16 /* LaunchScreen.storyboard */,
				A676B4482177149F00FFCF16 /* Info.plist */,
				A676B4492177149F00FFCF16 /* main.m */,
			);
			path = ViewOnScreenRect;
			sourceTree = "<group>";
		};
		A6B8E10E21805BEF00A83F67 /* Frameworks */ = {
			isa = PBXGroup;
			children = (
				A6B8E10F21805BF000A83F67 /* libc++.tbd */,
			);
			name = Frameworks;
			sourceTree = "<group>";
		};
/* End PBXGroup section */

/* Begin PBXNativeTarget section */
		A676B4362177149D00FFCF16 /* ViewOnScreenRect */ = {
			isa = PBXNativeTarget;
			buildConfigurationList = A676B44D2177149F00FFCF16 /* Build configuration list for PBXNativeTarget "ViewOnScreenRect" */;
			buildPhases = (
				A676B4332177149D00FFCF16 /* Sources */,
				A676B4342177149D00FFCF16 /* Frameworks */,
				A676B4352177149D00FFCF16 /* Resources */,
			);
			buildRules = (
			);
			dependencies = (
			);
			name = ViewOnScreenRect;
			productName = ViewOnScreenRect;
			productReference = A676B4372177149D00FFCF16 /* ViewOnScreenRect.app */;
			productType = "com.apple.product-type.application";
		};
/* End PBXNativeTarget section */

/* Begin PBXProject section */
		A676B42F2177149D00FFCF16 /* Project object */ = {
			isa = PBXProject;
			attributes = {
				LastUpgradeCheck = 0940;
				ORGANIZATIONNAME = "李斯芃 ---> 512523045@qq.com";
				TargetAttributes = {
					A676B4362177149D00FFCF16 = {
						CreatedOnToolsVersion = 9.4;
					};
				};
			};
			buildConfigurationList = A676B4322177149D00FFCF16 /* Build configuration list for PBXProject "ViewOnScreenRect" */;
			compatibilityVersion = "Xcode 9.3";
			developmentRegion = en;
			hasScannedForEncodings = 0;
			knownRegions = (
				en,
				Base,
			);
			mainGroup = A676B42E2177149D00FFCF16;
			productRefGroup = A676B4382177149D00FFCF16 /* Products */;
			projectDirPath = "";
			projectRoot = "";
			targets = (
				A676B4362177149D00FFCF16 /* ViewOnScreenRect */,
			);
		};
/* End PBXProject section */

/* Begin PBXResourcesBuildPhase section */
		A676B4352177149D00FFCF16 /* Resources */ = {
			isa = PBXResourcesBuildPhase;
			buildActionMask = 2147483647;
			files = (
				A631D568218718A200D14EEE /* PCAAreasDate.plist in Resources */,
				A676B4472177149F00FFCF16 /* LaunchScreen.storyboard in Resources */,
				A676B4442177149F00FFCF16 /* Assets.xcassets in Resources */,
				A676B4422177149D00FFCF16 /* Main.storyboard in Resources */,
				A631D566218708CC00D14EEE /* AreasDate.plist in Resources */,
			);
			runOnlyForDeploymentPostprocessing = 0;
		};
/* End PBXResourcesBuildPhase section */

/* Begin PBXSourcesBuildPhase section */
		A676B4332177149D00FFCF16 /* Sources */ = {
			isa = PBXSourcesBuildPhase;
			buildActionMask = 2147483647;
			files = (
				A676B4742177220700FFCF16 /* DrawPopView.m in Sources */,
				A676B43F2177149D00FFCF16 /* ViewController.m in Sources */,
				A676B44A2177149F00FFCF16 /* main.m in Sources */,
				A6926FFB217EBD6700D3F8A6 /* PopDataModel.m in Sources */,
				A676B43C2177149D00FFCF16 /* AppDelegate.m in Sources */,
				A6926FF5217EB7E400D3F8A6 /* PopTableView.m in Sources */,
			);
			runOnlyForDeploymentPostprocessing = 0;
		};
/* End PBXSourcesBuildPhase section */

/* Begin PBXVariantGroup section */
		A676B4402177149D00FFCF16 /* Main.storyboard */ = {
			isa = PBXVariantGroup;
			children = (
				A676B4412177149D00FFCF16 /* Base */,
			);
			name = Main.storyboard;
			sourceTree = "<group>";
		};
		A676B4452177149F00FFCF16 /* LaunchScreen.storyboard */ = {
			isa = PBXVariantGroup;
			children = (
				A676B4462177149F00FFCF16 /* Base */,
			);
			name = LaunchScreen.storyboard;
			sourceTree = "<group>";
		};
/* End PBXVariantGroup section */

/* Begin XCBuildConfiguration section */
		A676B44B2177149F00FFCF16 /* Debug */ = {
			isa = XCBuildConfiguration;
			buildSettings = {
				ALWAYS_SEARCH_USER_PATHS = NO;
				CLANG_ANALYZER_NONNULL = YES;
				CLANG_ANALYZER_NUMBER_OBJECT_CONVERSION = YES_AGGRESSIVE;
				CLANG_CXX_LANGUAGE_STANDARD = "gnu++14";
				CLANG_CXX_LIBRARY = "libc++";
				CLANG_ENABLE_MODULES = YES;
				CLANG_ENABLE_OBJC_ARC = YES;
				CLANG_ENABLE_OBJC_WEAK = YES;
				CLANG_WARN_BLOCK_CAPTURE_AUTORELEASING = YES;
				CLANG_WARN_BOOL_CONVERSION = YES;
				CLANG_WARN_COMMA = YES;
				CLANG_WARN_CONSTANT_CONVERSION = YES;
				CLANG_WARN_DEPRECATED_OBJC_IMPLEMENTATIONS = YES;
				CLANG_WARN_DIRECT_OBJC_ISA_USAGE = YES_ERROR;
				CLANG_WARN_DOCUMENTATION_COMMENTS = YES;
				CLANG_WARN_EMPTY_BODY = YES;
				CLANG_WARN_ENUM_CONVERSION = YES;
				CLANG_WARN_INFINITE_RECURSION = YES;
				CLANG_WARN_INT_CONVERSION = YES;
				CLANG_WARN_NON_LITERAL_NULL_CONVERSION = YES;
				CLANG_WARN_OBJC_IMPLICIT_RETAIN_SELF = YES;
				CLANG_WARN_OBJC_LITERAL_CONVERSION = YES;
				CLANG_WARN_OBJC_ROOT_CLASS = YES_ERROR;
				CLANG_WARN_RANGE_LOOP_ANALYSIS = YES;
				CLANG_WARN_STRICT_PROTOTYPES = YES;
				CLANG_WARN_SUSPICIOUS_MOVE = YES;
				CLANG_WARN_UNGUARDED_AVAILABILITY = YES_AGGRESSIVE;
				CLANG_WARN_UNREACHABLE_CODE = YES;
				CLANG_WARN__DUPLICATE_METHOD_MATCH = YES;
				CODE_SIGN_IDENTITY = "iPhone Developer";
				COPY_PHASE_STRIP = NO;
				DEBUG_INFORMATION_FORMAT = dwarf;
				ENABLE_STRICT_OBJC_MSGSEND = YES;
				ENABLE_TESTABILITY = YES;
				GCC_C_LANGUAGE_STANDARD = gnu11;
				GCC_DYNAMIC_NO_PIC = NO;
				GCC_NO_COMMON_BLOCKS = YES;
				GCC_OPTIMIZATION_LEVEL = 0;
				GCC_PREPROCESSOR_DEFINITIONS = (
					"DEBUG=1",
					"$(inherited)",
				);
				GCC_WARN_64_TO_32_BIT_CONVERSION = YES;
				GCC_WARN_ABOUT_RETURN_TYPE = YES_ERROR;
				GCC_WARN_UNDECLARED_SELECTOR = YES;
				GCC_WARN_UNINITIALIZED_AUTOS = YES_AGGRESSIVE;
				GCC_WARN_UNUSED_FUNCTION = YES;
				GCC_WARN_UNUSED_VARIABLE = YES;
				IPHONEOS_DEPLOYMENT_TARGET = 11.4;
				MTL_ENABLE_DEBUG_INFO = YES;
				ONLY_ACTIVE_ARCH = YES;
				SDKROOT = iphoneos;
			};
			name = Debug;
		};
		A676B44C2177149F00FFCF16 /* Release */ = {
			isa = XCBuildConfiguration;
			buildSettings = {
				ALWAYS_SEARCH_USER_PATHS = NO;
				CLANG_ANALYZER_NONNULL = YES;
				CLANG_ANALYZER_NUMBER_OBJECT_CONVERSION = YES_AGGRESSIVE;
				CLANG_CXX_LANGUAGE_STANDARD = "gnu++14";
				CLANG_CXX_LIBRARY = "libc++";
				CLANG_ENABLE_MODULES = YES;
				CLANG_ENABLE_OBJC_ARC = YES;
				CLANG_ENABLE_OBJC_WEAK = YES;
				CLANG_WARN_BLOCK_CAPTURE_AUTORELEASING = YES;
				CLANG_WARN_BOOL_CONVERSION = YES;
				CLANG_WARN_COMMA = YES;
				CLANG_WARN_CONSTANT_CONVERSION = YES;
				CLANG_WARN_DEPRECATED_OBJC_IMPLEMENTATIONS = YES;
				CLANG_WARN_DIRECT_OBJC_ISA_USAGE = YES_ERROR;
				CLANG_WARN_DOCUMENTATION_COMMENTS = YES;
				CLANG_WARN_EMPTY_BODY = YES;
				CLANG_WARN_ENUM_CONVERSION = YES;
				CLANG_WARN_INFINITE_RECURSION = YES;
				CLANG_WARN_INT_CONVERSION = YES;
				CLANG_WARN_NON_LITERAL_NULL_CONVERSION = YES;
				CLANG_WARN_OBJC_IMPLICIT_RETAIN_SELF = YES;
				CLANG_WARN_OBJC_LITERAL_CONVERSION = YES;
				CLANG_WARN_OBJC_ROOT_CLASS = YES_ERROR;
				CLANG_WARN_RANGE_LOOP_ANALYSIS = YES;
				CLANG_WARN_STRICT_PROTOTYPES = YES;
				CLANG_WARN_SUSPICIOUS_MOVE = YES;
				CLANG_WARN_UNGUARDED_AVAILABILITY = YES_AGGRESSIVE;
				CLANG_WARN_UNREACHABLE_CODE = YES;
				CLANG_WARN__DUPLICATE_METHOD_MATCH = YES;
				CODE_SIGN_IDENTITY = "iPhone Developer";
				COPY_PHASE_STRIP = NO;
				DEBUG_INFORMATION_FORMAT = "dwarf-with-dsym";
				ENABLE_NS_ASSERTIONS = NO;
				ENABLE_STRICT_OBJC_MSGSEND = YES;
				GCC_C_LANGUAGE_STANDARD = gnu11;
				GCC_NO_COMMON_BLOCKS = YES;
				GCC_WARN_64_TO_32_BIT_CONVERSION = YES;
				GCC_WARN_ABOUT_RETURN_TYPE = YES_ERROR;
				GCC_WARN_UNDECLARED_SELECTOR = YES;
				GCC_WARN_UNINITIALIZED_AUTOS = YES_AGGRESSIVE;
				GCC_WARN_UNUSED_FUNCTION = YES;
				GCC_WARN_UNUSED_VARIABLE = YES;
				IPHONEOS_DEPLOYMENT_TARGET = 11.4;
				MTL_ENABLE_DEBUG_INFO = NO;
				SDKROOT = iphoneos;
				VALIDATE_PRODUCT = YES;
			};
			name = Release;
		};
		A676B44E2177149F00FFCF16 /* Debug */ = {
			isa = XCBuildConfiguration;
			buildSettings = {
				ASSETCATALOG_COMPILER_APPICON_NAME = AppIcon;
				CODE_SIGN_IDENTITY = "iPhone Developer";
				CODE_SIGN_STYLE = Automatic;
				DEVELOPMENT_TEAM = U42Y5TAQQA;
				INFOPLIST_FILE = ViewOnScreenRect/Info.plist;
				LD_RUNPATH_SEARCH_PATHS = (
					"$(inherited)",
					"@executable_path/Frameworks",
				);
				PRODUCT_BUNDLE_IDENTIFIER = com.leesonpeng.ViewOnScreenRect;
				PRODUCT_NAME = "$(TARGET_NAME)";
				PROVISIONING_PROFILE_SPECIFIER = "";
				TARGETED_DEVICE_FAMILY = "1,2";
			};
			name = Debug;
		};
		A676B44F2177149F00FFCF16 /* Release */ = {
			isa = XCBuildConfiguration;
			buildSettings = {
				ASSETCATALOG_COMPILER_APPICON_NAME = AppIcon;
				CODE_SIGN_IDENTITY = "iPhone Developer";
				CODE_SIGN_STYLE = Automatic;
				DEVELOPMENT_TEAM = U42Y5TAQQA;
				INFOPLIST_FILE = ViewOnScreenRect/Info.plist;
				LD_RUNPATH_SEARCH_PATHS = (
					"$(inherited)",
					"@executable_path/Frameworks",
				);
				PRODUCT_BUNDLE_IDENTIFIER = com.leesonpeng.ViewOnScreenRect;
				PRODUCT_NAME = "$(TARGET_NAME)";
				PROVISIONING_PROFILE_SPECIFIER = "";
				TARGETED_DEVICE_FAMILY = "1,2";
			};
			name = Release;
		};
/* End XCBuildConfiguration section */

/* Begin XCConfigurationList section */
		A676B4322177149D00FFCF16 /* Build configuration list for PBXProject "ViewOnScreenRect" */ = {
			isa = XCConfigurationList;
			buildConfigurations = (
				A676B44B2177149F00FFCF16 /* Debug */,
				A676B44C2177149F00FFCF16 /* Release */,
			);
			defaultConfigurationIsVisible = 0;
			defaultConfigurationName = Release;
		};
		A676B44D2177149F00FFCF16 /* Build configuration list for PBXNativeTarget "ViewOnScreenRect" */ = {
			isa = XCConfigurationList;
			buildConfigurations = (
				A676B44E2177149F00FFCF16 /* Debug */,
				A676B44F2177149F00FFCF16 /* Release */,
			);
			defaultConfigurationIsVisible = 0;
			defaultConfigurationName = Release;
		};
/* End XCConfigurationList section */
	};
	rootObject = A676B42F2177149D00FFCF16 /* Project object */;
}
